
Microsoft Visual Studio Solution File, Format Version 11.00
# Visual Studio 2010
Project("{FAE04EC0-301F-11D3-BF4B-00C04F79EFBC}") = "ARLearning", "Assembly-CSharp.csproj", "{590A7FBD-E856-7208-8FA6-953DCB98A627}"
EndProject
Project("{FAE04EC0-301F-11D3-BF4B-00C04F79EFBC}") = "ARLearning", "Assembly-CSharp-Editor.csproj", "{C06777F5-D7D6-3651-34E9-7ECCFAB9C11A}"
EndProject
Global
	GlobalSection(SolutionConfigurationPlatforms) = preSolution
		Debug|Any CPU = Debug|Any CPU
		Release|Any CPU = Release|Any CPU
	EndGlobalSection
	GlobalSection(ProjectConfigurationPlatforms) = postSolution
		{590A7FBD-E856-7208-8FA6-953DCB98A627}.Debug|Any CPU.ActiveCfg = Debug|Any CPU
		{590A7FBD-E856-7208-8FA6-953DCB98A627}.Debug|Any CPU.Build.0 = Debug|Any CPU
		{590A7FBD-E856-7208-8FA6-953DCB98A627}.Release|Any CPU.ActiveCfg = Release|Any CPU
		{590A7FBD-E856-7208-8FA6-953DCB98A627}.Release|Any CPU.Build.0 = Release|Any CPU
		{C06777F5-D7D6-3651-34E9-7ECCFAB9C11A}.Debug|Any CPU.ActiveCfg = Debug|Any CPU
		{C06777F5-D7D6-3651-34E9-7ECCFAB9C11A}.Debug|Any CPU.Build.0 = Debug|Any CPU
		{C06777F5-D7D6-3651-34E9-7ECCFAB9C11A}.Release|Any CPU.ActiveCfg = Release|Any CPU
		{C06777F5-D7D6-3651-34E9-7ECCFAB9C11A}.Release|Any CPU.Build.0 = Release|Any CPU
	EndGlobalSection
	GlobalSection(SolutionProperties) = preSolution
		HideSolutionNode = FALSE
	EndGlobalSection
	GlobalSection(MonoDevelopProperties) = preSolution
		StartupItem = Assembly-CSharp.csproj
	EndGlobalSection
EndGlobal
